
Microsoft Visual Studio Solution File, Format Version 12.00
# Visual Studio Version 17
VisualStudioVersion = 17.6.33829.357
MinimumVisualStudioVersion = 10.0.40219.1
Project("{9A19103F-16F7-4668-BE54-9A1E7A4F7556}") = "UI", "UI\UI.csproj", "{83BD598A-9F45-4A38-A209-40C34F115A34}"
EndProject
Project("{9A19103F-16F7-4668-BE54-9A1E7A4F7556}") = "BL", "BL\BL.csproj", "{7506F1AE-7A39-4A5E-B148-836EDBD633BE}"
EndProject
Project("{9A19103F-16F7-4668-BE54-9A1E7A4F7556}") = "DAL", "DAL\DAL.csproj", "{8F47A538-3BB2-4ED1-B232-62FC79EA5A54}"
EndProject
Project("{FAE04EC0-301F-11D3-BF4B-00C04F79EFBC}") = "WebApi", "WebApi\WebApi.csproj", "{F198D1DC-9037-43FE-88B5-93066B39FE88}"
EndProject
Global
	GlobalSection(SolutionConfigurationPlatforms) = preSolution
		Debug|Any CPU = Debug|Any CPU
		Release|Any CPU = Release|Any CPU
	EndGlobalSection
	GlobalSection(ProjectConfigurationPlatforms) = postSolution
		{83BD598A-9F45-4A38-A209-40C34F115A34}.Debug|Any CPU.ActiveCfg = Debug|Any CPU
		{83BD598A-9F45-4A38-A209-40C34F115A34}.Debug|Any CPU.Build.0 = Debug|Any CPU
		{83BD598A-9F45-4A38-A209-40C34F115A34}.Release|Any CPU.ActiveCfg = Release|Any CPU
		{83BD598A-9F45-4A38-A209-40C34F115A34}.Release|Any CPU.Build.0 = Release|Any CPU
		{7506F1AE-7A39-4A5E-B148-836EDBD633BE}.Debug|Any CPU.ActiveCfg = Debug|Any CPU
		{7506F1AE-7A39-4A5E-B148-836EDBD633BE}.Debug|Any CPU.Build.0 = Debug|Any CPU
		{7506F1AE-7A39-4A5E-B148-836EDBD633BE}.Release|Any CPU.ActiveCfg = Release|Any CPU
		{7506F1AE-7A39-4A5E-B148-836EDBD633BE}.Release|Any CPU.Build.0 = Release|Any CPU
		{8F47A538-3BB2-4ED1-B232-62FC79EA5A54}.Debug|Any CPU.ActiveCfg = Debug|Any CPU
		{8F47A538-3BB2-4ED1-B232-62FC79EA5A54}.Debug|Any CPU.Build.0 = Debug|Any CPU
		{8F47A538-3BB2-4ED1-B232-62FC79EA5A54}.Release|Any CPU.ActiveCfg = Release|Any CPU
		{8F47A538-3BB2-4ED1-B232-62FC79EA5A54}.Release|Any CPU.Build.0 = Release|Any CPU
		{F198D1DC-9037-43FE-88B5-93066B39FE88}.Debug|Any CPU.ActiveCfg = Debug|Any CPU
		{F198D1DC-9037-43FE-88B5-93066B39FE88}.Debug|Any CPU.Build.0 = Debug|Any CPU
		{F198D1DC-9037-43FE-88B5-93066B39FE88}.Release|Any CPU.ActiveCfg = Release|Any CPU
		{F198D1DC-9037-43FE-88B5-93066B39FE88}.Release|Any CPU.Build.0 = Release|Any CPU
	EndGlobalSection
	GlobalSection(SolutionProperties) = preSolution
		HideSolutionNode = FALSE
	EndGlobalSection
	GlobalSection(ExtensibilityGlobals) = postSolution
		SolutionGuid = {84B369B3-FFAD-4F0C-A796-5A644FD7616D}
	EndGlobalSection
EndGlobal
